PODS:
  - Argo (2.2.0)
  - BABCropperView (0.4.6)
  - JPSVolumeButtonHandler (1.0.0)
  - MediaPicker (0.0.11):
    - Argo
    - BABCropperView (~> 0.4)
    - JPSVolumeButtonHandler
    - Runes
    - Signals (~> 2.3)
  - Runes (3.2.0)
  - Signals (2.3.0)

DEPENDENCIES:
  - MediaPicker

SPEC CHECKSUMS:
  Argo: 4f52a32b4cd913c204e5a45f420b3fccad3e3f24
  BABCropperView: 908858c9fd17e9bb6d2446f3ae56172c14363974
  JPSVolumeButtonHandler: b056ec5c574fbd75a0637c527e25fe0197ec1648
  MediaPicker: 47b36b392d3b74e79af329b10c0adc6da7e4b914
  Runes: ab2f892272d5165f64620f8086578b28cde98a02
  Signals: d47128787e1675858f956556397e482fd667bd96

COCOAPODS: 0.39.0
