// !$*UTF8*$!
{
	archiveVersion = 1;
	classes = {
	};
	objectVersion = 46;
	objects = {

/* Begin PBXBuildFile section */
		98494CA01C903D6500605A1B /* CameraVC.swift in Sources */ = {isa = PBXBuildFile; fileRef = 98494C9D1C903D6500605A1B /* CameraVC.swift */; };
		98494CA11C903D6500605A1B /* CameraVC.xib in Resources */ = {isa = PBXBuildFile; fileRef = 98494C9E1C903D6500605A1B /* CameraVC.xib */; };
		98494CA21C903D6500605A1B /* RecordButton.swift in Sources */ = {isa = PBXBuildFile; fileRef = 98494C9F1C903D6500605A1B /* RecordButton.swift */; };
		9863DC631C77629600F033BB /* AssetsCell.swift in Sources */ = {isa = PBXBuildFile; fileRef = 9863DC501C77629600F033BB /* AssetsCell.swift */; };
		9863DC641C77629600F033BB /* AssetsCell.xib in Resources */ = {isa = PBXBuildFile; fileRef = 9863DC511C77629600F033BB /* AssetsCell.xib */; };
		9863DC651C77629600F033BB /* AssetsFetcher.swift in Sources */ = {isa = PBXBuildFile; fileRef = 9863DC531C77629600F033BB /* AssetsFetcher.swift */; };
		9863DC661C77629600F033BB /* Helpers.swift in Sources */ = {isa = PBXBuildFile; fileRef = 9863DC541C77629600F033BB /* Helpers.swift */; };
		9863DC671C77629600F033BB /* Parallel.swift in Sources */ = {isa = PBXBuildFile; fileRef = 9863DC551C77629600F033BB /* Parallel.swift */; };
		9863DC681C77629600F033BB /* MediaPicker.h in Headers */ = {isa = PBXBuildFile; fileRef = 9863DC561C77629600F033BB /* MediaPicker.h */; settings = {ATTRIBUTES = (Public, ); }; };
		9863DC691C77629600F033BB /* Images.xcassets in Resources */ = {isa = PBXBuildFile; fileRef = 9863DC571C77629600F033BB /* Images.xcassets */; };
		9863DC6B1C77629600F033BB /* MediaList.swift in Sources */ = {isa = PBXBuildFile; fileRef = 9863DC5A1C77629600F033BB /* MediaList.swift */; };
		9863DC6C1C77629600F033BB /* MediaList.xib in Resources */ = {isa = PBXBuildFile; fileRef = 9863DC5B1C77629600F033BB /* MediaList.xib */; };
		9863DC6D1C77629600F033BB /* MediaPicker.swift in Sources */ = {isa = PBXBuildFile; fileRef = 9863DC5D1C77629600F033BB /* MediaPicker.swift */; };
		9863DC6E1C77629600F033BB /* MediaPicker.xib in Resources */ = {isa = PBXBuildFile; fileRef = 9863DC5E1C77629600F033BB /* MediaPicker.xib */; };
		9863DC6F1C77629600F033BB /* MediaListTitleView.swift in Sources */ = {isa = PBXBuildFile; fileRef = 9863DC601C77629600F033BB /* MediaListTitleView.swift */; };
		9863DC701C77629600F033BB /* MediaListTitleView.xib in Resources */ = {isa = PBXBuildFile; fileRef = 9863DC611C77629600F033BB /* MediaListTitleView.xib */; };
		9863DC731C77698B00F033BB /* Photos.framework in Frameworks */ = {isa = PBXBuildFile; fileRef = 9863DC721C77698B00F033BB /* Photos.framework */; };
		9863DC771C7769DB00F033BB /* AVFoundation.framework in Frameworks */ = {isa = PBXBuildFile; fileRef = 9863DC761C7769DB00F033BB /* AVFoundation.framework */; };
		9863DC791C7769E100F033BB /* MediaPlayer.framework in Frameworks */ = {isa = PBXBuildFile; fileRef = 9863DC781C7769E100F033BB /* MediaPlayer.framework */; };
		DEE2A26F247C3DD73848A506 /* Pods_MediaPicker.framework in Frameworks */ = {isa = PBXBuildFile; fileRef = 0E7F702207CB3CAF131818D4 /* Pods_MediaPicker.framework */; };
/* End PBXBuildFile section */

/* Begin PBXFileReference section */
		0E7F702207CB3CAF131818D4 /* Pods_MediaPicker.framework */ = {isa = PBXFileReference; explicitFileType = wrapper.framework; includeInIndex = 0; path = Pods_MediaPicker.framework; sourceTree = BUILT_PRODUCTS_DIR; };
		98494C9D1C903D6500605A1B /* CameraVC.swift */ = {isa = PBXFileReference; fileEncoding = 4; lastKnownFileType = sourcecode.swift; path = CameraVC.swift; sourceTree = "<group>"; };
		98494C9E1C903D6500605A1B /* CameraVC.xib */ = {isa = PBXFileReference; fileEncoding = 4; lastKnownFileType = file.xib; path = CameraVC.xib; sourceTree = "<group>"; };
		98494C9F1C903D6500605A1B /* RecordButton.swift */ = {isa = PBXFileReference; fileEncoding = 4; lastKnownFileType = sourcecode.swift; path = RecordButton.swift; sourceTree = "<group>"; };
		984B65E61C68C9B200F453C9 /* MediaPicker.framework */ = {isa = PBXFileReference; explicitFileType = wrapper.framework; includeInIndex = 0; path = MediaPicker.framework; sourceTree = BUILT_PRODUCTS_DIR; };
		9863DC501C77629600F033BB /* AssetsCell.swift */ = {isa = PBXFileReference; fileEncoding = 4; lastKnownFileType = sourcecode.swift; path = AssetsCell.swift; sourceTree = "<group>"; };
		9863DC511C77629600F033BB /* AssetsCell.xib */ = {isa = PBXFileReference; fileEncoding = 4; lastKnownFileType = file.xib; path = AssetsCell.xib; sourceTree = "<group>"; };
		9863DC531C77629600F033BB /* AssetsFetcher.swift */ = {isa = PBXFileReference; fileEncoding = 4; lastKnownFileType = sourcecode.swift; path = AssetsFetcher.swift; sourceTree = "<group>"; };
		9863DC541C77629600F033BB /* Helpers.swift */ = {isa = PBXFileReference; fileEncoding = 4; lastKnownFileType = sourcecode.swift; path = Helpers.swift; sourceTree = "<group>"; };
		9863DC551C77629600F033BB /* Parallel.swift */ = {isa = PBXFileReference; fileEncoding = 4; lastKnownFileType = sourcecode.swift; path = Parallel.swift; sourceTree = "<group>"; };
		9863DC561C77629600F033BB /* MediaPicker.h */ = {isa = PBXFileReference; fileEncoding = 4; lastKnownFileType = sourcecode.c.h; path = MediaPicker.h; sourceTree = "<group>"; };
		9863DC571C77629600F033BB /* Images.xcassets */ = {isa = PBXFileReference; lastKnownFileType = folder.assetcatalog; path = Images.xcassets; sourceTree = "<group>"; };
		9863DC581C77629600F033BB /* Info.plist */ = {isa = PBXFileReference; fileEncoding = 4; lastKnownFileType = text.plist.xml; path = Info.plist; sourceTree = "<group>"; };
		9863DC5A1C77629600F033BB /* MediaList.swift */ = {isa = PBXFileReference; fileEncoding = 4; lastKnownFileType = sourcecode.swift; path = MediaList.swift; sourceTree = "<group>"; };
		9863DC5B1C77629600F033BB /* MediaList.xib */ = {isa = PBXFileReference; fileEncoding = 4; lastKnownFileType = file.xib; path = MediaList.xib; sourceTree = "<group>"; };
		9863DC5D1C77629600F033BB /* MediaPicker.swift */ = {isa = PBXFileReference; fileEncoding = 4; lastKnownFileType = sourcecode.swift; path = MediaPicker.swift; sourceTree = "<group>"; };
		9863DC5E1C77629600F033BB /* MediaPicker.xib */ = {isa = PBXFileReference; fileEncoding = 4; lastKnownFileType = file.xib; path = MediaPicker.xib; sourceTree = "<group>"; };
		9863DC601C77629600F033BB /* MediaListTitleView.swift */ = {isa = PBXFileReference; fileEncoding = 4; lastKnownFileType = sourcecode.swift; path = MediaListTitleView.swift; sourceTree = "<group>"; };
		9863DC611C77629600F033BB /* MediaListTitleView.xib */ = {isa = PBXFileReference; fileEncoding = 4; lastKnownFileType = file.xib; path = MediaListTitleView.xib; sourceTree = "<group>"; };
		9863DC721C77698B00F033BB /* Photos.framework */ = {isa = PBXFileReference; lastKnownFileType = wrapper.framework; name = Photos.framework; path = System/Library/Frameworks/Photos.framework; sourceTree = SDKROOT; };
		9863DC741C7769AE00F033BB /* MobileCoreServices.framework */ = {isa = PBXFileReference; lastKnownFileType = wrapper.framework; name = MobileCoreServices.framework; path = System/Library/Frameworks/MobileCoreServices.framework; sourceTree = SDKROOT; };
		9863DC761C7769DB00F033BB /* AVFoundation.framework */ = {isa = PBXFileReference; lastKnownFileType = wrapper.framework; name = AVFoundation.framework; path = System/Library/Frameworks/AVFoundation.framework; sourceTree = SDKROOT; };
		9863DC781C7769E100F033BB /* MediaPlayer.framework */ = {isa = PBXFileReference; lastKnownFileType = wrapper.framework; name = MediaPlayer.framework; path = System/Library/Frameworks/MediaPlayer.framework; sourceTree = SDKROOT; };
		BE8AD95391BA3AB1DDF5A045 /* Pods_ImageList.framework */ = {isa = PBXFileReference; explicitFileType = wrapper.framework; includeInIndex = 0; path = Pods_ImageList.framework; sourceTree = BUILT_PRODUCTS_DIR; };
		C020490B6EAAB9C6154D793F /* Pods-MediaPicker.release.xcconfig */ = {isa = PBXFileReference; includeInIndex = 1; lastKnownFileType = text.xcconfig; name = "Pods-MediaPicker.release.xcconfig"; path = "Pods/Target Support Files/Pods-MediaPicker/Pods-MediaPicker.release.xcconfig"; sourceTree = "<group>"; };
		D99FF7CD9EB64406963FDCBC /* Pods-MediaPicker.debug.xcconfig */ = {isa = PBXFileReference; includeInIndex = 1; lastKnownFileType = text.xcconfig; name = "Pods-MediaPicker.debug.xcconfig"; path = "Pods/Target Support Files/Pods-MediaPicker/Pods-MediaPicker.debug.xcconfig"; sourceTree = "<group>"; };
/* End PBXFileReference section */

/* Begin PBXFrameworksBuildPhase section */
		984B65E21C68C9B200F453C9 /* Frameworks */ = {
			isa = PBXFrameworksBuildPhase;
			buildActionMask = 2147483647;
			files = (
				9863DC791C7769E100F033BB /* MediaPlayer.framework in Frameworks */,
				9863DC771C7769DB00F033BB /* AVFoundation.framework in Frameworks */,
				9863DC731C77698B00F033BB /* Photos.framework in Frameworks */,
				DEE2A26F247C3DD73848A506 /* Pods_MediaPicker.framework in Frameworks */,
			);
			runOnlyForDeploymentPostprocessing = 0;
		};
/* End PBXFrameworksBuildPhase section */

/* Begin PBXGroup section */
		1AEFF509711FA384DF511521 /* Pods */ = {
			isa = PBXGroup;
			children = (
				D99FF7CD9EB64406963FDCBC /* Pods-MediaPicker.debug.xcconfig */,
				C020490B6EAAB9C6154D793F /* Pods-MediaPicker.release.xcconfig */,
			);
			name = Pods;
			sourceTree = "<group>";
		};
		98494C9C1C903D6500605A1B /* Camera */ = {
			isa = PBXGroup;
			children = (
				98494C9D1C903D6500605A1B /* CameraVC.swift */,
				98494C9E1C903D6500605A1B /* CameraVC.xib */,
				98494C9F1C903D6500605A1B /* RecordButton.swift */,
			);
			path = Camera;
			sourceTree = "<group>";
		};
		984B65DC1C68C9B200F453C9 = {
			isa = PBXGroup;
			children = (
				9863DC4E1C77629600F033BB /* MediaPicker */,
				984B65E71C68C9B200F453C9 /* Products */,
				1AEFF509711FA384DF511521 /* Pods */,
				F1567D64BE4767FA53903732 /* Frameworks */,
			);
			sourceTree = "<group>";
		};
		984B65E71C68C9B200F453C9 /* Products */ = {
			isa = PBXGroup;
			children = (
				984B65E61C68C9B200F453C9 /* MediaPicker.framework */,
			);
			name = Products;
			sourceTree = "<group>";
		};
		9863DC4E1C77629600F033BB /* MediaPicker */ = {
			isa = PBXGroup;
			children = (
				98494C9C1C903D6500605A1B /* Camera */,
				9863DC4F1C77629600F033BB /* AssetsCell */,
				9863DC521C77629600F033BB /* Extra */,
				9863DC591C77629600F033BB /* List */,
				9863DC5C1C77629600F033BB /* Picker */,
				9863DC5F1C77629600F033BB /* TitleView */,
				9863DC711C77631100F033BB /* Supporting files */,
			);
			path = MediaPicker;
			sourceTree = "<group>";
		};
		9863DC4F1C77629600F033BB /* AssetsCell */ = {
			isa = PBXGroup;
			children = (
				9863DC501C77629600F033BB /* AssetsCell.swift */,
				9863DC511C77629600F033BB /* AssetsCell.xib */,
			);
			path = AssetsCell;
			sourceTree = "<group>";
		};
		9863DC521C77629600F033BB /* Extra */ = {
			isa = PBXGroup;
			children = (
				9863DC531C77629600F033BB /* AssetsFetcher.swift */,
				9863DC541C77629600F033BB /* Helpers.swift */,
				9863DC551C77629600F033BB /* Parallel.swift */,
			);
			path = Extra;
			sourceTree = "<group>";
		};
		9863DC591C77629600F033BB /* List */ = {
			isa = PBXGroup;
			children = (
				9863DC5A1C77629600F033BB /* MediaList.swift */,
				9863DC5B1C77629600F033BB /* MediaList.xib */,
			);
			path = List;
			sourceTree = "<group>";
		};
		9863DC5C1C77629600F033BB /* Picker */ = {
			isa = PBXGroup;
			children = (
				9863DC5D1C77629600F033BB /* MediaPicker.swift */,
				9863DC5E1C77629600F033BB /* MediaPicker.xib */,
			);
			name = Picker;
			path = Selection;
			sourceTree = "<group>";
		};
		9863DC5F1C77629600F033BB /* TitleView */ = {
			isa = PBXGroup;
			children = (
				9863DC601C77629600F033BB /* MediaListTitleView.swift */,
				9863DC611C77629600F033BB /* MediaListTitleView.xib */,
			);
			path = TitleView;
			sourceTree = "<group>";
		};
		9863DC711C77631100F033BB /* Supporting files */ = {
			isa = PBXGroup;
			children = (
				9863DC571C77629600F033BB /* Images.xcassets */,
				9863DC561C77629600F033BB /* MediaPicker.h */,
				9863DC581C77629600F033BB /* Info.plist */,
			);
			name = "Supporting files";
			sourceTree = "<group>";
		};
		F1567D64BE4767FA53903732 /* Frameworks */ = {
			isa = PBXGroup;
			children = (
				9863DC781C7769E100F033BB /* MediaPlayer.framework */,
				9863DC761C7769DB00F033BB /* AVFoundation.framework */,
				9863DC741C7769AE00F033BB /* MobileCoreServices.framework */,
				9863DC721C77698B00F033BB /* Photos.framework */,
				BE8AD95391BA3AB1DDF5A045 /* Pods_ImageList.framework */,
				0E7F702207CB3CAF131818D4 /* Pods_MediaPicker.framework */,
			);
			name = Frameworks;
			sourceTree = "<group>";
		};
/* End PBXGroup section */

/* Begin PBXHeadersBuildPhase section */
		984B65E31C68C9B200F453C9 /* Headers */ = {
			isa = PBXHeadersBuildPhase;
			buildActionMask = 2147483647;
			files = (
				9863DC681C77629600F033BB /* MediaPicker.h in Headers */,
			);
			runOnlyForDeploymentPostprocessing = 0;
		};
/* End PBXHeadersBuildPhase section */

/* Begin PBXNativeTarget section */
		984B65E51C68C9B200F453C9 /* MediaPicker */ = {
			isa = PBXNativeTarget;
			buildConfigurationList = 984B65EE1C68C9B200F453C9 /* Build configuration list for PBXNativeTarget "MediaPicker" */;
			buildPhases = (
				4D545F63AE5294D3DD8E03AF /* Check Pods Manifest.lock */,
				984B65E11C68C9B200F453C9 /* Sources */,
				984B65E21C68C9B200F453C9 /* Frameworks */,
				984B65E31C68C9B200F453C9 /* Headers */,
				984B65E41C68C9B200F453C9 /* Resources */,
				872572B0377BFBF26078FA93 /* Copy Pods Resources */,
			);
			buildRules = (
			);
			dependencies = (
			);
			name = MediaPicker;
			productName = ImageList;
			productReference = 984B65E61C68C9B200F453C9 /* MediaPicker.framework */;
			productType = "com.apple.product-type.framework";
		};
/* End PBXNativeTarget section */

/* Begin PBXProject section */
		984B65DD1C68C9B200F453C9 /* Project object */ = {
			isa = PBXProject;
			attributes = {
				LastSwiftUpdateCheck = 0720;
				LastUpgradeCheck = 0720;
				ORGANIZATIONNAME = Ramotion;
				TargetAttributes = {
					984B65E51C68C9B200F453C9 = {
						CreatedOnToolsVersion = 7.2.1;
					};
				};
			};
			buildConfigurationList = 984B65E01C68C9B200F453C9 /* Build configuration list for PBXProject "MediaPicker" */;
			compatibilityVersion = "Xcode 3.2";
			developmentRegion = English;
			hasScannedForEncodings = 0;
			knownRegions = (
				en,
				Base,
			);
			mainGroup = 984B65DC1C68C9B200F453C9;
			productRefGroup = 984B65E71C68C9B200F453C9 /* Products */;
			projectDirPath = "";
			projectRoot = "";
			targets = (
				984B65E51C68C9B200F453C9 /* MediaPicker */,
			);
		};
/* End PBXProject section */

/* Begin PBXResourcesBuildPhase section */
		984B65E41C68C9B200F453C9 /* Resources */ = {
			isa = PBXResourcesBuildPhase;
			buildActionMask = 2147483647;
			files = (
				9863DC701C77629600F033BB /* MediaListTitleView.xib in Resources */,
				98494CA11C903D6500605A1B /* CameraVC.xib in Resources */,
				9863DC691C77629600F033BB /* Images.xcassets in Resources */,
				9863DC6C1C77629600F033BB /* MediaList.xib in Resources */,
				9863DC641C77629600F033BB /* AssetsCell.xib in Resources */,
				9863DC6E1C77629600F033BB /* MediaPicker.xib in Resources */,
			);
			runOnlyForDeploymentPostprocessing = 0;
		};
/* End PBXResourcesBuildPhase section */

/* Begin PBXShellScriptBuildPhase section */
		4D545F63AE5294D3DD8E03AF /* Check Pods Manifest.lock */ = {
			isa = PBXShellScriptBuildPhase;
			buildActionMask = 2147483647;
			files = (
			);
			inputPaths = (
			);
			name = "Check Pods Manifest.lock";
			outputPaths = (
			);
			runOnlyForDeploymentPostprocessing = 0;
			shellPath = /bin/sh;
			shellScript = "diff \"${PODS_ROOT}/../Podfile.lock\" \"${PODS_ROOT}/Manifest.lock\" > /dev/null\nif [[ $? != 0 ]] ; then\n    cat << EOM\nerror: The sandbox is not in sync with the Podfile.lock. Run 'pod install' or update your CocoaPods installation.\nEOM\n    exit 1\nfi\n";
			showEnvVarsInLog = 0;
		};
		872572B0377BFBF26078FA93 /* Copy Pods Resources */ = {
			isa = PBXShellScriptBuildPhase;
			buildActionMask = 2147483647;
			files = (
			);
			inputPaths = (
			);
			name = "Copy Pods Resources";
			outputPaths = (
			);
			runOnlyForDeploymentPostprocessing = 0;
			shellPath = /bin/sh;
			shellScript = "\"${SRCROOT}/Pods/Target Support Files/Pods-MediaPicker/Pods-MediaPicker-resources.sh\"\n";
			showEnvVarsInLog = 0;
		};
/* End PBXShellScriptBuildPhase section */

/* Begin PBXSourcesBuildPhase section */
		984B65E11C68C9B200F453C9 /* Sources */ = {
			isa = PBXSourcesBuildPhase;
			buildActionMask = 2147483647;
			files = (
				9863DC661C77629600F033BB /* Helpers.swift in Sources */,
				9863DC6D1C77629600F033BB /* MediaPicker.swift in Sources */,
				98494CA21C903D6500605A1B /* RecordButton.swift in Sources */,
				9863DC671C77629600F033BB /* Parallel.swift in Sources */,
				98494CA01C903D6500605A1B /* CameraVC.swift in Sources */,
				9863DC6F1C77629600F033BB /* MediaListTitleView.swift in Sources */,
				9863DC651C77629600F033BB /* AssetsFetcher.swift in Sources */,
				9863DC6B1C77629600F033BB /* MediaList.swift in Sources */,
				9863DC631C77629600F033BB /* AssetsCell.swift in Sources */,
			);
			runOnlyForDeploymentPostprocessing = 0;
		};
/* End PBXSourcesBuildPhase section */

/* Begin XCBuildConfiguration section */
		984B65EC1C68C9B200F453C9 /* Debug */ = {
			isa = XCBuildConfiguration;
			buildSettings = {
				ALWAYS_SEARCH_USER_PATHS = NO;
				CLANG_CXX_LANGUAGE_STANDARD = "gnu++0x";
				CLANG_CXX_LIBRARY = "libc++";
				CLANG_ENABLE_MODULES = YES;
				CLANG_ENABLE_OBJC_ARC = YES;
				CLANG_WARN_BOOL_CONVERSION = YES;
				CLANG_WARN_CONSTANT_CONVERSION = YES;
				CLANG_WARN_DIRECT_OBJC_ISA_USAGE = YES_ERROR;
				CLANG_WARN_EMPTY_BODY = YES;
				CLANG_WARN_ENUM_CONVERSION = YES;
				CLANG_WARN_INT_CONVERSION = YES;
				CLANG_WARN_OBJC_ROOT_CLASS = YES_ERROR;
				CLANG_WARN_UNREACHABLE_CODE = YES;
				CLANG_WARN__DUPLICATE_METHOD_MATCH = YES;
				"CODE_SIGN_IDENTITY[sdk=iphoneos*]" = "iPhone Developer";
				COPY_PHASE_STRIP = NO;
				CURRENT_PROJECT_VERSION = 1;
				DEBUG_INFORMATION_FORMAT = dwarf;
				ENABLE_STRICT_OBJC_MSGSEND = YES;
				ENABLE_TESTABILITY = YES;
				GCC_C_LANGUAGE_STANDARD = gnu99;
				GCC_DYNAMIC_NO_PIC = NO;
				GCC_NO_COMMON_BLOCKS = YES;
				GCC_OPTIMIZATION_LEVEL = 0;
				GCC_PREPROCESSOR_DEFINITIONS = (
					"DEBUG=1",
					"$(inherited)",
				);
				GCC_WARN_64_TO_32_BIT_CONVERSION = YES;
				GCC_WARN_ABOUT_RETURN_TYPE = YES_ERROR;
				GCC_WARN_UNDECLARED_SELECTOR = YES;
				GCC_WARN_UNINITIALIZED_AUTOS = YES_AGGRESSIVE;
				GCC_WARN_UNUSED_FUNCTION = YES;
				GCC_WARN_UNUSED_VARIABLE = YES;
				IPHONEOS_DEPLOYMENT_TARGET = 8.0;
				MTL_ENABLE_DEBUG_INFO = YES;
				ONLY_ACTIVE_ARCH = YES;
				SDKROOT = iphoneos;
				SWIFT_OPTIMIZATION_LEVEL = "-Onone";
				TARGETED_DEVICE_FAMILY = "1,2";
				VERSIONING_SYSTEM = "apple-generic";
				VERSION_INFO_PREFIX = "";
			};
			name = Debug;
		};
		984B65ED1C68C9B200F453C9 /* Release */ = {
			isa = XCBuildConfiguration;
			buildSettings = {
				ALWAYS_SEARCH_USER_PATHS = NO;
				CLANG_CXX_LANGUAGE_STANDARD = "gnu++0x";
				CLANG_CXX_LIBRARY = "libc++";
				CLANG_ENABLE_MODULES = YES;
				CLANG_ENABLE_OBJC_ARC = YES;
				CLANG_WARN_BOOL_CONVERSION = YES;
				CLANG_WARN_CONSTANT_CONVERSION = YES;
				CLANG_WARN_DIRECT_OBJC_ISA_USAGE = YES_ERROR;
				CLANG_WARN_EMPTY_BODY = YES;
				CLANG_WARN_ENUM_CONVERSION = YES;
				CLANG_WARN_INT_CONVERSION = YES;
				CLANG_WARN_OBJC_ROOT_CLASS = YES_ERROR;
				CLANG_WARN_UNREACHABLE_CODE = YES;
				CLANG_WARN__DUPLICATE_METHOD_MATCH = YES;
				"CODE_SIGN_IDENTITY[sdk=iphoneos*]" = "iPhone Developer";
				COPY_PHASE_STRIP = NO;
				CURRENT_PROJECT_VERSION = 1;
				DEBUG_INFORMATION_FORMAT = "dwarf-with-dsym";
				ENABLE_NS_ASSERTIONS = NO;
				ENABLE_STRICT_OBJC_MSGSEND = YES;
				GCC_C_LANGUAGE_STANDARD = gnu99;
				GCC_NO_COMMON_BLOCKS = YES;
				GCC_WARN_64_TO_32_BIT_CONVERSION = YES;
				GCC_WARN_ABOUT_RETURN_TYPE = YES_ERROR;
				GCC_WARN_UNDECLARED_SELECTOR = YES;
				GCC_WARN_UNINITIALIZED_AUTOS = YES_AGGRESSIVE;
				GCC_WARN_UNUSED_FUNCTION = YES;
				GCC_WARN_UNUSED_VARIABLE = YES;
				IPHONEOS_DEPLOYMENT_TARGET = 8.0;
				MTL_ENABLE_DEBUG_INFO = NO;
				SDKROOT = iphoneos;
				TARGETED_DEVICE_FAMILY = "1,2";
				VALIDATE_PRODUCT = YES;
				VERSIONING_SYSTEM = "apple-generic";
				VERSION_INFO_PREFIX = "";
			};
			name = Release;
		};
		984B65EF1C68C9B200F453C9 /* Debug */ = {
			isa = XCBuildConfiguration;
			baseConfigurationReference = D99FF7CD9EB64406963FDCBC /* Pods-MediaPicker.debug.xcconfig */;
			buildSettings = {
				CLANG_ENABLE_MODULES = YES;
				DEFINES_MODULE = YES;
				DYLIB_COMPATIBILITY_VERSION = 1;
				DYLIB_CURRENT_VERSION = 1;
				DYLIB_INSTALL_NAME_BASE = "@rpath";
				INFOPLIST_FILE = MediaPicker/Info.plist;
				INSTALL_PATH = "$(LOCAL_LIBRARY_DIR)/Frameworks";
				LD_RUNPATH_SEARCH_PATHS = "$(inherited) @executable_path/Frameworks @loader_path/Frameworks";
				PRODUCT_BUNDLE_IDENTIFIER = com.ramotion.MediaPicker;
				PRODUCT_NAME = MediaPicker;
				SKIP_INSTALL = YES;
				SWIFT_OPTIMIZATION_LEVEL = "-Onone";
			};
			name = Debug;
		};
		984B65F01C68C9B200F453C9 /* Release */ = {
			isa = XCBuildConfiguration;
			baseConfigurationReference = C020490B6EAAB9C6154D793F /* Pods-MediaPicker.release.xcconfig */;
			buildSettings = {
				CLANG_ENABLE_MODULES = YES;
				DEFINES_MODULE = YES;
				DYLIB_COMPATIBILITY_VERSION = 1;
				DYLIB_CURRENT_VERSION = 1;
				DYLIB_INSTALL_NAME_BASE = "@rpath";
				INFOPLIST_FILE = MediaPicker/Info.plist;
				INSTALL_PATH = "$(LOCAL_LIBRARY_DIR)/Frameworks";
				LD_RUNPATH_SEARCH_PATHS = "$(inherited) @executable_path/Frameworks @loader_path/Frameworks";
				PRODUCT_BUNDLE_IDENTIFIER = com.ramotion.MediaPicker;
				PRODUCT_NAME = MediaPicker;
				SKIP_INSTALL = YES;
			};
			name = Release;
		};
/* End XCBuildConfiguration section */

/* Begin XCConfigurationList section */
		984B65E01C68C9B200F453C9 /* Build configuration list for PBXProject "MediaPicker" */ = {
			isa = XCConfigurationList;
			buildConfigurations = (
				984B65EC1C68C9B200F453C9 /* Debug */,
				984B65ED1C68C9B200F453C9 /* Release */,
			);
			defaultConfigurationIsVisible = 0;
			defaultConfigurationName = Release;
		};
		984B65EE1C68C9B200F453C9 /* Build configuration list for PBXNativeTarget "MediaPicker" */ = {
			isa = XCConfigurationList;
			buildConfigurations = (
				984B65EF1C68C9B200F453C9 /* Debug */,
				984B65F01C68C9B200F453C9 /* Release */,
			);
			defaultConfigurationIsVisible = 0;
			defaultConfigurationName = Release;
		};
/* End XCConfigurationList section */
	};
	rootObject = 984B65DD1C68C9B200F453C9 /* Project object */;
}
