// !$*UTF8*$!
{
	archiveVersion = 1;
	classes = {
	};
	objectVersion = 46;
	objects = {

/* Begin PBXBuildFile section */
		98E9BEB01C80A855006FBF8B /* AppDelegate.swift in Sources */ = {isa = PBXBuildFile; fileRef = 98E9BEAF1C80A855006FBF8B /* AppDelegate.swift */; };
		98E9BEB21C80A855006FBF8B /* ViewController.swift in Sources */ = {isa = PBXBuildFile; fileRef = 98E9BEB11C80A855006FBF8B /* ViewController.swift */; };
		98E9BEB51C80A855006FBF8B /* Main.storyboard in Resources */ = {isa = PBXBuildFile; fileRef = 98E9BEB31C80A855006FBF8B /* Main.storyboard */; };
		98E9BEB71C80A855006FBF8B /* Assets.xcassets in Resources */ = {isa = PBXBuildFile; fileRef = 98E9BEB61C80A855006FBF8B /* Assets.xcassets */; };
		98E9BEBA1C80A855006FBF8B /* LaunchScreen.storyboard in Resources */ = {isa = PBXBuildFile; fileRef = 98E9BEB81C80A855006FBF8B /* LaunchScreen.storyboard */; };
		98E9BEC21C80A85E006FBF8B /* MediaPicker.framework in Frameworks */ = {isa = PBXBuildFile; fileRef = 98E9BEC11C80A85E006FBF8B /* MediaPicker.framework */; };
/* End PBXBuildFile section */

/* Begin PBXFileReference section */
		98E9BEAC1C80A855006FBF8B /* Example.app */ = {isa = PBXFileReference; explicitFileType = wrapper.application; includeInIndex = 0; path = Example.app; sourceTree = BUILT_PRODUCTS_DIR; };
		98E9BEAF1C80A855006FBF8B /* AppDelegate.swift */ = {isa = PBXFileReference; lastKnownFileType = sourcecode.swift; path = AppDelegate.swift; sourceTree = "<group>"; };
		98E9BEB11C80A855006FBF8B /* ViewController.swift */ = {isa = PBXFileReference; lastKnownFileType = sourcecode.swift; path = ViewController.swift; sourceTree = "<group>"; };
		98E9BEB41C80A855006FBF8B /* Base */ = {isa = PBXFileReference; lastKnownFileType = file.storyboard; name = Base; path = Base.lproj/Main.storyboard; sourceTree = "<group>"; };
		98E9BEB61C80A855006FBF8B /* Assets.xcassets */ = {isa = PBXFileReference; lastKnownFileType = folder.assetcatalog; path = Assets.xcassets; sourceTree = "<group>"; };
		98E9BEB91C80A855006FBF8B /* Base */ = {isa = PBXFileReference; lastKnownFileType = file.storyboard; name = Base; path = Base.lproj/LaunchScreen.storyboard; sourceTree = "<group>"; };
		98E9BEBB1C80A855006FBF8B /* Info.plist */ = {isa = PBXFileReference; lastKnownFileType = text.plist.xml; path = Info.plist; sourceTree = "<group>"; };
		98E9BEC11C80A85E006FBF8B /* MediaPicker.framework */ = {isa = PBXFileReference; lastKnownFileType = wrapper.framework; name = MediaPicker.framework; path = "../build/Debug-iphoneos/MediaPicker.framework"; sourceTree = "<group>"; };
/* End PBXFileReference section */

/* Begin PBXFrameworksBuildPhase section */
		98E9BEA91C80A855006FBF8B /* Frameworks */ = {
			isa = PBXFrameworksBuildPhase;
			buildActionMask = 2147483647;
			files = (
				98E9BEC21C80A85E006FBF8B /* MediaPicker.framework in Frameworks */,
			);
			runOnlyForDeploymentPostprocessing = 0;
		};
/* End PBXFrameworksBuildPhase section */

/* Begin PBXGroup section */
		98E9BEA31C80A855006FBF8B = {
			isa = PBXGroup;
			children = (
				98E9BEC11C80A85E006FBF8B /* MediaPicker.framework */,
				98E9BEAE1C80A855006FBF8B /* Example */,
				98E9BEAD1C80A855006FBF8B /* Products */,
			);
			sourceTree = "<group>";
		};
		98E9BEAD1C80A855006FBF8B /* Products */ = {
			isa = PBXGroup;
			children = (
				98E9BEAC1C80A855006FBF8B /* Example.app */,
			);
			name = Products;
			sourceTree = "<group>";
		};
		98E9BEAE1C80A855006FBF8B /* Example */ = {
			isa = PBXGroup;
			children = (
				98E9BEAF1C80A855006FBF8B /* AppDelegate.swift */,
				98E9BEB11C80A855006FBF8B /* ViewController.swift */,
				98E9BEB31C80A855006FBF8B /* Main.storyboard */,
				98E9BEB61C80A855006FBF8B /* Assets.xcassets */,
				98E9BEB81C80A855006FBF8B /* LaunchScreen.storyboard */,
				98E9BEBB1C80A855006FBF8B /* Info.plist */,
			);
			path = Example;
			sourceTree = "<group>";
		};
/* End PBXGroup section */

/* Begin PBXNativeTarget section */
		98E9BEAB1C80A855006FBF8B /* Example */ = {
			isa = PBXNativeTarget;
			buildConfigurationList = 98E9BEBE1C80A855006FBF8B /* Build configuration list for PBXNativeTarget "Example" */;
			buildPhases = (
				98E9BEA81C80A855006FBF8B /* Sources */,
				98E9BEA91C80A855006FBF8B /* Frameworks */,
				98E9BEAA1C80A855006FBF8B /* Resources */,
			);
			buildRules = (
			);
			dependencies = (
			);
			name = Example;
			productName = Example;
			productReference = 98E9BEAC1C80A855006FBF8B /* Example.app */;
			productType = "com.apple.product-type.application";
		};
/* End PBXNativeTarget section */

/* Begin PBXProject section */
		98E9BEA41C80A855006FBF8B /* Project object */ = {
			isa = PBXProject;
			attributes = {
				LastSwiftUpdateCheck = 0720;
				LastUpgradeCheck = 0720;
				ORGANIZATIONNAME = Ramotion;
				TargetAttributes = {
					98E9BEAB1C80A855006FBF8B = {
						CreatedOnToolsVersion = 7.2.1;
					};
				};
			};
			buildConfigurationList = 98E9BEA71C80A855006FBF8B /* Build configuration list for PBXProject "Example" */;
			compatibilityVersion = "Xcode 3.2";
			developmentRegion = English;
			hasScannedForEncodings = 0;
			knownRegions = (
				en,
				Base,
			);
			mainGroup = 98E9BEA31C80A855006FBF8B;
			productRefGroup = 98E9BEAD1C80A855006FBF8B /* Products */;
			projectDirPath = "";
			projectRoot = "";
			targets = (
				98E9BEAB1C80A855006FBF8B /* Example */,
			);
		};
/* End PBXProject section */

/* Begin PBXResourcesBuildPhase section */
		98E9BEAA1C80A855006FBF8B /* Resources */ = {
			isa = PBXResourcesBuildPhase;
			buildActionMask = 2147483647;
			files = (
				98E9BEBA1C80A855006FBF8B /* LaunchScreen.storyboard in Resources */,
				98E9BEB71C80A855006FBF8B /* Assets.xcassets in Resources */,
				98E9BEB51C80A855006FBF8B /* Main.storyboard in Resources */,
			);
			runOnlyForDeploymentPostprocessing = 0;
		};
/* End PBXResourcesBuildPhase section */

/* Begin PBXSourcesBuildPhase section */
		98E9BEA81C80A855006FBF8B /* Sources */ = {
			isa = PBXSourcesBuildPhase;
			buildActionMask = 2147483647;
			files = (
				98E9BEB21C80A855006FBF8B /* ViewController.swift in Sources */,
				98E9BEB01C80A855006FBF8B /* AppDelegate.swift in Sources */,
			);
			runOnlyForDeploymentPostprocessing = 0;
		};
/* End PBXSourcesBuildPhase section */

/* Begin PBXVariantGroup section */
		98E9BEB31C80A855006FBF8B /* Main.storyboard */ = {
			isa = PBXVariantGroup;
			children = (
				98E9BEB41C80A855006FBF8B /* Base */,
			);
			name = Main.storyboard;
			sourceTree = "<group>";
		};
		98E9BEB81C80A855006FBF8B /* LaunchScreen.storyboard */ = {
			isa = PBXVariantGroup;
			children = (
				98E9BEB91C80A855006FBF8B /* Base */,
			);
			name = LaunchScreen.storyboard;
			sourceTree = "<group>";
		};
/* End PBXVariantGroup section */

/* Begin XCBuildConfiguration section */
		98E9BEBC1C80A855006FBF8B /* Debug */ = {
			isa = XCBuildConfiguration;
			buildSettings = {
				ALWAYS_SEARCH_USER_PATHS = NO;
				CLANG_CXX_LANGUAGE_STANDARD = "gnu++0x";
				CLANG_CXX_LIBRARY = "libc++";
				CLANG_ENABLE_MODULES = YES;
				CLANG_ENABLE_OBJC_ARC = YES;
				CLANG_WARN_BOOL_CONVERSION = YES;
				CLANG_WARN_CONSTANT_CONVERSION = YES;
				CLANG_WARN_DIRECT_OBJC_ISA_USAGE = YES_ERROR;
				CLANG_WARN_EMPTY_BODY = YES;
				CLANG_WARN_ENUM_CONVERSION = YES;
				CLANG_WARN_INT_CONVERSION = YES;
				CLANG_WARN_OBJC_ROOT_CLASS = YES_ERROR;
				CLANG_WARN_UNREACHABLE_CODE = YES;
				CLANG_WARN__DUPLICATE_METHOD_MATCH = YES;
				"CODE_SIGN_IDENTITY[sdk=iphoneos*]" = "iPhone Developer";
				COPY_PHASE_STRIP = NO;
				DEBUG_INFORMATION_FORMAT = dwarf;
				ENABLE_STRICT_OBJC_MSGSEND = YES;
				ENABLE_TESTABILITY = YES;
				GCC_C_LANGUAGE_STANDARD = gnu99;
				GCC_DYNAMIC_NO_PIC = NO;
				GCC_NO_COMMON_BLOCKS = YES;
				GCC_OPTIMIZATION_LEVEL = 0;
				GCC_PREPROCESSOR_DEFINITIONS = (
					"DEBUG=1",
					"$(inherited)",
				);
				GCC_WARN_64_TO_32_BIT_CONVERSION = YES;
				GCC_WARN_ABOUT_RETURN_TYPE = YES_ERROR;
				GCC_WARN_UNDECLARED_SELECTOR = YES;
				GCC_WARN_UNINITIALIZED_AUTOS = YES_AGGRESSIVE;
				GCC_WARN_UNUSED_FUNCTION = YES;
				GCC_WARN_UNUSED_VARIABLE = YES;
				IPHONEOS_DEPLOYMENT_TARGET = 9.2;
				MTL_ENABLE_DEBUG_INFO = YES;
				ONLY_ACTIVE_ARCH = YES;
				SDKROOT = iphoneos;
				SWIFT_OPTIMIZATION_LEVEL = "-Onone";
				TARGETED_DEVICE_FAMILY = "1,2";
			};
			name = Debug;
		};
		98E9BEBD1C80A855006FBF8B /* Release */ = {
			isa = XCBuildConfiguration;
			buildSettings = {
				ALWAYS_SEARCH_USER_PATHS = NO;
				CLANG_CXX_LANGUAGE_STANDARD = "gnu++0x";
				CLANG_CXX_LIBRARY = "libc++";
				CLANG_ENABLE_MODULES = YES;
				CLANG_ENABLE_OBJC_ARC = YES;
				CLANG_WARN_BOOL_CONVERSION = YES;
				CLANG_WARN_CONSTANT_CONVERSION = YES;
				CLANG_WARN_DIRECT_OBJC_ISA_USAGE = YES_ERROR;
				CLANG_WARN_EMPTY_BODY = YES;
				CLANG_WARN_ENUM_CONVERSION = YES;
				CLANG_WARN_INT_CONVERSION = YES;
				CLANG_WARN_OBJC_ROOT_CLASS = YES_ERROR;
				CLANG_WARN_UNREACHABLE_CODE = YES;
				CLANG_WARN__DUPLICATE_METHOD_MATCH = YES;
				"CODE_SIGN_IDENTITY[sdk=iphoneos*]" = "iPhone Developer";
				COPY_PHASE_STRIP = NO;
				DEBUG_INFORMATION_FORMAT = "dwarf-with-dsym";
				ENABLE_NS_ASSERTIONS = NO;
				ENABLE_STRICT_OBJC_MSGSEND = YES;
				GCC_C_LANGUAGE_STANDARD = gnu99;
				GCC_NO_COMMON_BLOCKS = YES;
				GCC_WARN_64_TO_32_BIT_CONVERSION = YES;
				GCC_WARN_ABOUT_RETURN_TYPE = YES_ERROR;
				GCC_WARN_UNDECLARED_SELECTOR = YES;
				GCC_WARN_UNINITIALIZED_AUTOS = YES_AGGRESSIVE;
				GCC_WARN_UNUSED_FUNCTION = YES;
				GCC_WARN_UNUSED_VARIABLE = YES;
				IPHONEOS_DEPLOYMENT_TARGET = 9.2;
				MTL_ENABLE_DEBUG_INFO = NO;
				SDKROOT = iphoneos;
				TARGETED_DEVICE_FAMILY = "1,2";
				VALIDATE_PRODUCT = YES;
			};
			name = Release;
		};
		98E9BEBF1C80A855006FBF8B /* Debug */ = {
			isa = XCBuildConfiguration;
			buildSettings = {
				ASSETCATALOG_COMPILER_APPICON_NAME = AppIcon;
				INFOPLIST_FILE = Example/Info.plist;
				LD_RUNPATH_SEARCH_PATHS = "$(inherited) @executable_path/Frameworks";
				PRODUCT_BUNDLE_IDENTIFIER = com.ramotion.Example;
				PRODUCT_NAME = "$(TARGET_NAME)";
			};
			name = Debug;
		};
		98E9BEC01C80A855006FBF8B /* Release */ = {
			isa = XCBuildConfiguration;
			buildSettings = {
				ASSETCATALOG_COMPILER_APPICON_NAME = AppIcon;
				INFOPLIST_FILE = Example/Info.plist;
				LD_RUNPATH_SEARCH_PATHS = "$(inherited) @executable_path/Frameworks";
				PRODUCT_BUNDLE_IDENTIFIER = com.ramotion.Example;
				PRODUCT_NAME = "$(TARGET_NAME)";
			};
			name = Release;
		};
/* End XCBuildConfiguration section */

/* Begin XCConfigurationList section */
		98E9BEA71C80A855006FBF8B /* Build configuration list for PBXProject "Example" */ = {
			isa = XCConfigurationList;
			buildConfigurations = (
				98E9BEBC1C80A855006FBF8B /* Debug */,
				98E9BEBD1C80A855006FBF8B /* Release */,
			);
			defaultConfigurationIsVisible = 0;
			defaultConfigurationName = Release;
		};
		98E9BEBE1C80A855006FBF8B /* Build configuration list for PBXNativeTarget "Example" */ = {
			isa = XCConfigurationList;
			buildConfigurations = (
				98E9BEBF1C80A855006FBF8B /* Debug */,
				98E9BEC01C80A855006FBF8B /* Release */,
			);
			defaultConfigurationIsVisible = 0;
		};
/* End XCConfigurationList section */
	};
	rootObject = 98E9BEA41C80A855006FBF8B /* Project object */;
}
